# This is a Gradle generated file for dependency locking.
# Manual edits can break the build and are not advised.
# This file is expected to be part of source control.
# To regenerate this file, run: ./gradlew :app:dependencies --write-locks
club.minnced:opus-java-api:1.1.1=compileClasspath,runtimeClasspath,testCompileClasspath,testRuntimeClasspath
club.minnced:opus-java-natives:1.1.1=compileClasspath,runtimeClasspath,testCompileClasspath,testRuntimeClasspath
club.minnced:opus-java:1.1.1=compileClasspath,runtimeClasspath,testCompileClasspath,testRuntimeClasspath
com.deepl.api:deepl-java:1.17.0=compileClasspath,runtimeClasspath,testCompileClasspath,testRuntimeClasspath
com.fasterxml.jackson.core:jackson-annotations:2.22=compileClasspath,runtimeClasspath,testCompileClasspath,testRuntimeClasspath
com.fasterxml.jackson.core:jackson-core:2.22.3=compileClasspath,runtimeClasspath,testCompileClasspath,testRuntimeClasspath
com.fasterxml.jackson.core:jackson-databind:2.22.3=compileClasspath,runtimeClasspath,testCompileClasspath,testRuntimeClasspath
com.fasterxml.jackson.dataformat:jackson-dataformat-yaml:2.22.3=compileClasspath,runtimeClasspath,testCompileClasspath,testRuntimeClasspath
com.fasterxml.jackson:jackson-bom:2.22.3=compileClasspath,runtimeClasspath,testCompileClasspath,testRuntimeClasspath
com.github.ben-manes.caffeine:caffeine:3.3.0=compileClasspath,runtimeClasspath,testCompileClasspath,testRuntimeClasspath
com.github.oshi:oshi-common:7.7.0=compileClasspath,runtimeClasspath,testCompileClasspath,testRuntimeClasspath
com.github.oshi:oshi-core:7.7.0=compileClasspath,runtimeClasspath,testCompileClasspath,testRuntimeClasspath
com.google.code.findbugs:jsr305:3.0.2=runtimeClasspath,testRuntimeClasspath
com.google.code.gson:gson:2.10.1=runtimeClasspath,testRuntimeClasspath
com.google.crypto.tink:tink:1.18.0=runtimeClasspath,testRuntimeClasspath
com.google.errorprone:error_prone_annotations:2.50.0=compileClasspath,runtimeClasspath,testCompileClasspath,testRuntimeClasspath
com.google.protobuf:protobuf-java:4.28.2=runtimeClasspath,testRuntimeClasspath
com.neovisionaries:nv-websocket-client:2.14=compileClasspath,runtimeClasspath,testCompileClasspath,testRuntimeClasspath
com.squareup.okhttp3:okhttp-jvm:5.5.0=compileClasspath,runtimeClasspath,testCompileClasspath,testRuntimeClasspath
com.squareup.okhttp3:okhttp:4.10.0=compileClasspath,runtimeClasspath,testCompileClasspath,testRuntimeClasspath
com.squareup.okio:okio-jvm:3.18.1=compileClasspath,runtimeClasspath,testCompileClasspath,testRuntimeClasspath
com.squareup.okio:okio:3.18.1=compileClasspath,runtimeClasspath,testCompileClasspath,testRuntimeClasspath
com.zaxxer:HikariCP:7.1.0=compileClasspath,runtimeClasspath,testCompileClasspath,testRuntimeClasspath
commons-codec:commons-codec:1.11=runtimeClasspath,testRuntimeClasspath
commons-logging:commons-logging:1.2=runtimeClasspath,testRuntimeClasspath
dev.arbjerg.lavalink:protocol-jvm:4.2.0=compileClasspath,runtimeClasspath,testCompileClasspath,testRuntimeClasspath
dev.arbjerg.lavalink:protocol:4.2.0=compileClasspath,runtimeClasspath,testCompileClasspath,testRuntimeClasspath
dev.arbjerg:lavalink-client:3.4.0=compileClasspath,runtimeClasspath,testCompileClasspath,testRuntimeClasspath
io.projectreactor.kotlin:reactor-kotlin-extensions:1.3.0=compileClasspath,runtimeClasspath,testCompileClasspath,testRuntimeClasspath
io.projectreactor:reactor-core:3.8.3=compileClasspath,runtimeClasspath,testCompileClasspath,testRuntimeClasspath
net.dv8tion:JDA:6.7.0=compileClasspath,runtimeClasspath,testCompileClasspath,testRuntimeClasspath
net.java.dev.jna:jna-jpms:5.19.1=compileClasspath,runtimeClasspath,testCompileClasspath,testRuntimeClasspath
net.java.dev.jna:jna-platform-jpms:5.19.1=compileClasspath,runtimeClasspath,testCompileClasspath,testRuntimeClasspath
net.java.dev.jna:jna:4.4.0=runtimeClasspath,testRuntimeClasspath
net.sf.trove4j:core:3.1.0=runtimeClasspath,testRuntimeClasspath
org.apache.commons:commons-collections4:4.6.0=compileClasspath,runtimeClasspath,testCompileClasspath,testRuntimeClasspath
org.apache.httpcomponents:httpclient:4.5.14=runtimeClasspath,testRuntimeClasspath
org.apache.httpcomponents:httpcore:4.4.16=runtimeClasspath,testRuntimeClasspath
org.apiguardian:apiguardian-api:1.1.2=testCompileClasspath
org.flywaydb:flyway-core:13.10.0=compileClasspath,runtimeClasspath,testCompileClasspath,testRuntimeClasspath
org.flywaydb:flyway-mysql:13.10.0=compileClasspath,runtimeClasspath,testCompileClasspath,testRuntimeClasspath
org.jetbrains.kotlin:kotlin-stdlib-common:2.2.21=compileClasspath,runtimeClasspath,testCompileClasspath,testRuntimeClasspath
org.jetbrains.kotlin:kotlin-stdlib:2.2.21=compileClasspath,runtimeClasspath,testCompileClasspath,testRuntimeClasspath
org.jetbrains.kotlinx:kotlinx-datetime-jvm:0.6.0=compileClasspath,runtimeClasspath,testCompileClasspath,testRuntimeClasspath
org.jetbrains.kotlinx:kotlinx-datetime:0.6.0=compileClasspath,runtimeClasspath,testCompileClasspath,testRuntimeClasspath
org.jetbrains.kotlinx:kotlinx-serialization-bom:1.7.0=compileClasspath,runtimeClasspath,testCompileClasspath,testRuntimeClasspath
org.jetbrains.kotlinx:kotlinx-serialization-core-jvm:1.7.0=compileClasspath,runtimeClasspath,testCompileClasspath,testRuntimeClasspath
org.jetbrains.kotlinx:kotlinx-serialization-core:1.7.0=compileClasspath,runtimeClasspath,testCompileClasspath,testRuntimeClasspath
org.jetbrains.kotlinx:kotlinx-serialization-json-jvm:1.7.0=compileClasspath,runtimeClasspath,testCompileClasspath,testRuntimeClasspath
org.jetbrains.kotlinx:kotlinx-serialization-json:1.7.0=compileClasspath,runtimeClasspath,testCompileClasspath,testRuntimeClasspath
org.jetbrains:annotations:13.0=compileClasspath,testCompileClasspath
org.jetbrains:annotations:20.1.0=runtimeClasspath,testRuntimeClasspath
org.jsoup:jsoup:1.23.2=compileClasspath,runtimeClasspath,testCompileClasspath,testRuntimeClasspath
org.jspecify:jspecify:1.0.1=compileClasspath,runtimeClasspath,testCompileClasspath,testRuntimeClasspath
org.junit.jupiter:junit-jupiter-api:6.1.3=testCompileClasspath,testRuntimeClasspath
org.junit.jupiter:junit-jupiter-engine:6.1.3=testRuntimeClasspath
org.junit.jupiter:junit-jupiter-params:6.1.3=testCompileClasspath,testRuntimeClasspath
org.junit.jupiter:junit-jupiter:6.1.3=testCompileClasspath,testRuntimeClasspath
org.junit.platform:junit-platform-commons:6.1.3=testCompileClasspath,testRuntimeClasspath
org.junit.platform:junit-platform-engine:6.1.3=testRuntimeClasspath
org.junit.platform:junit-platform-launcher:6.1.3=testRuntimeClasspath
org.junit:junit-bom:6.1.3=testCompileClasspath,testRuntimeClasspath
org.mariadb.jdbc:mariadb-java-client:3.5.10=compileClasspath,runtimeClasspath,testCompileClasspath,testRuntimeClasspath
org.opentest4j:opentest4j:1.3.0=testCompileClasspath,testRuntimeClasspath
org.reactivestreams:reactive-streams:1.0.4=compileClasspath,runtimeClasspath,testCompileClasspath,testRuntimeClasspath
org.slf4j:slf4j-api:2.0.20=compileClasspath,runtimeClasspath,testCompileClasspath,testRuntimeClasspath
org.slf4j:slf4j-simple:2.0.20=runtimeClasspath,testRuntimeClasspath
org.yaml:snakeyaml:2.5=compileClasspath,runtimeClasspath,testCompileClasspath,testRuntimeClasspath
empty=annotationProcessor,testAnnotationProcessor
